
Microsoft Visual Studio Solution File, Format Version 12.00
# Visual Studio 15
VisualStudioVersion = 15.0.28307.902
MinimumVisualStudioVersion = 10.0.40219.1
Project("{FAE04EC0-301F-11D3-BF4B-00C04F79EFBC}") = "D365KubernetesTesting", "D365KubernetesTesting\D365KubernetesTesting.csproj", "{5169CD5B-43A3-408F-8DF7-F9795D7657C6}"
EndProject
Project("{FAE04EC0-301F-11D3-BF4B-00C04F79EFBC}") = "D365NUnitTesting", "D365NUnitTesting\D365NUnitTesting.csproj", "{693D378A-B8A9-4531-93B7-711544083C61}"
EndProject
Global
	GlobalSection(SolutionConfigurationPlatforms) = preSolution
		Debug|Any CPU = Debug|Any CPU
		Release|Any CPU = Release|Any CPU
	EndGlobalSection
	GlobalSection(ProjectConfigurationPlatforms) = postSolution
		{5169CD5B-43A3-408F-8DF7-F9795D7657C6}.Debug|Any CPU.ActiveCfg = Debug|Any CPU
		{5169CD5B-43A3-408F-8DF7-F9795D7657C6}.Debug|Any CPU.Build.0 = Debug|Any CPU
		{5169CD5B-43A3-408F-8DF7-F9795D7657C6}.Release|Any CPU.ActiveCfg = Release|Any CPU
		{5169CD5B-43A3-408F-8DF7-F9795D7657C6}.Release|Any CPU.Build.0 = Release|Any CPU
		{693D378A-B8A9-4531-93B7-711544083C61}.Debug|Any CPU.ActiveCfg = Debug|Any CPU
		{693D378A-B8A9-4531-93B7-711544083C61}.Debug|Any CPU.Build.0 = Debug|Any CPU
		{693D378A-B8A9-4531-93B7-711544083C61}.Release|Any CPU.ActiveCfg = Release|Any CPU
		{693D378A-B8A9-4531-93B7-711544083C61}.Release|Any CPU.Build.0 = Release|Any CPU
	EndGlobalSection
	GlobalSection(SolutionProperties) = preSolution
		HideSolutionNode = FALSE
	EndGlobalSection
	GlobalSection(ExtensibilityGlobals) = postSolution
		SolutionGuid = {4C25DF32-D85D-4F14-AD1D-868CA349E77C}
	EndGlobalSection
EndGlobal
